
Microsoft Visual Studio Solution File, Format Version 12.00
# Visual Studio 15
VisualStudioVersion = 15.0.27428.2002
MinimumVisualStudioVersion = 10.0.40219.1
Project("{9A19103F-16F7-4668-BE54-9A1E7A4F7556}") = "ezFly.API.B2B.DPKG", "ezFly.API.B2B.DPKG\ezFly.API.B2B.DPKG.csproj", "{66C57A9A-3A61-4DEA-BA4D-3E9521B39DF5}"
EndProject
Project("{9A19103F-16F7-4668-BE54-9A1E7A4F7556}") = "ezFly.API.B2B.DPKG.TEST", "ezFly.API.B2B.DPKG.TEST\ezFly.API.B2B.DPKG.TEST.csproj", "{624418CF-9D47-413A-B655-5F8A03DC1B15}"
EndProject
Global
	GlobalSection(SolutionConfigurationPlatforms) = preSolution
		Debug|Any CPU = Debug|Any CPU
		Release|Any CPU = Release|Any CPU
	EndGlobalSection
	GlobalSection(ProjectConfigurationPlatforms) = postSolution
		{66C57A9A-3A61-4DEA-BA4D-3E9521B39DF5}.Debug|Any CPU.ActiveCfg = Debug|Any CPU
		{66C57A9A-3A61-4DEA-BA4D-3E9521B39DF5}.Debug|Any CPU.Build.0 = Debug|Any CPU
		{66C57A9A-3A61-4DEA-BA4D-3E9521B39DF5}.Release|Any CPU.ActiveCfg = Release|Any CPU
		{66C57A9A-3A61-4DEA-BA4D-3E9521B39DF5}.Release|Any CPU.Build.0 = Release|Any CPU
		{624418CF-9D47-413A-B655-5F8A03DC1B15}.Debug|Any CPU.ActiveCfg = Debug|Any CPU
		{624418CF-9D47-413A-B655-5F8A03DC1B15}.Debug|Any CPU.Build.0 = Debug|Any CPU
		{624418CF-9D47-413A-B655-5F8A03DC1B15}.Release|Any CPU.ActiveCfg = Release|Any CPU
		{624418CF-9D47-413A-B655-5F8A03DC1B15}.Release|Any CPU.Build.0 = Release|Any CPU
	EndGlobalSection
	GlobalSection(SolutionProperties) = preSolution
		HideSolutionNode = FALSE
	EndGlobalSection
	GlobalSection(ExtensibilityGlobals) = postSolution
		SolutionGuid = {C098B29E-5067-46A9-AC12-B44A4A1B95A4}
	EndGlobalSection
EndGlobal
